Microsoft Visual Studio Solution File, Format Version 11.00
# Visual Studio 2008

Project("{83155D8A-58B5-AF4F-98E1-072388422C17}") = "Fading Light", "Assembly-CSharp-firstpass-vs.csproj", "{6DC3BC28-3255-B36B-39B9-A8D14D299904}"
EndProject
Project("{83155D8A-58B5-AF4F-98E1-072388422C17}") = "Fading Light", "Assembly-CSharp-vs.csproj", "{5FE1B317-9E9E-15E0-3D03-12893136DAE3}"
EndProject
Project("{83155D8A-58B5-AF4F-98E1-072388422C17}") = "Fading Light", "Assembly-CSharp-Editor-vs.csproj", "{AEE8D517-EC55-3BC5-5746-2D579958D077}"
EndProject
Global
	GlobalSection(SolutionConfigurationPlatforms) = preSolution
		Debug|Any CPU = Debug|Any CPU
		Release|Any CPU = Release|Any CPU
	EndGlobalSection
	GlobalSection(ProjectConfigurationPlatforms) = postSolution
		{6DC3BC28-3255-B36B-39B9-A8D14D299904}.Debug|Any CPU.ActiveCfg = Debug|Any CPU
		{6DC3BC28-3255-B36B-39B9-A8D14D299904}.Debug|Any CPU.Build.0 = Debug|Any CPU
		{6DC3BC28-3255-B36B-39B9-A8D14D299904}.Release|Any CPU.ActiveCfg = Release|Any CPU
		{6DC3BC28-3255-B36B-39B9-A8D14D299904}.Release|Any CPU.Build.0 = Release|Any CPU
		{5FE1B317-9E9E-15E0-3D03-12893136DAE3}.Debug|Any CPU.ActiveCfg = Debug|Any CPU
		{5FE1B317-9E9E-15E0-3D03-12893136DAE3}.Debug|Any CPU.Build.0 = Debug|Any CPU
		{5FE1B317-9E9E-15E0-3D03-12893136DAE3}.Release|Any CPU.ActiveCfg = Release|Any CPU
		{5FE1B317-9E9E-15E0-3D03-12893136DAE3}.Release|Any CPU.Build.0 = Release|Any CPU
		{AEE8D517-EC55-3BC5-5746-2D579958D077}.Debug|Any CPU.ActiveCfg = Debug|Any CPU
		{AEE8D517-EC55-3BC5-5746-2D579958D077}.Debug|Any CPU.Build.0 = Debug|Any CPU
		{AEE8D517-EC55-3BC5-5746-2D579958D077}.Release|Any CPU.ActiveCfg = Release|Any CPU
		{AEE8D517-EC55-3BC5-5746-2D579958D077}.Release|Any CPU.Build.0 = Release|Any CPU
	EndGlobalSection
	GlobalSection(SolutionProperties) = preSolution
		HideSolutionNode = FALSE
	EndGlobalSection
																																					GlobalSection(MonoDevelopProperties) = preSolution
		StartupItem = Assembly-CSharp.csproj
		Policies = $0
		$0.TextStylePolicy = $1
		$1.inheritsSet = null
		$1.scope = text/x-csharp
		$0.CSharpFormattingPolicy = $2
		$2.inheritsSet = Mono
		$2.inheritsScope = text/x-csharp
		$2.scope = text/x-csharp
		$0.TextStylePolicy = $3
		$3.FileWidth = 120
		$3.TabWidth = 4
		$3.IndentWidth = 4
		$3.EolMarker = Unix
		$3.inheritsSet = Mono
		$3.inheritsScope = text/plain
		$3.scope = text/plain
	EndGlobalSection

EndGlobal
